# THIS IS AN AUTOGENERATED FILE. DO NOT EDIT THIS FILE DIRECTLY.
# yarn lockfile v1


"@types/react-native@^0.44.4":
  version "0.44.4"
  resolved "https://registry.yarnpkg.com/@types/react-native/-/react-native-0.44.4.tgz#91ff838293f87f5b27827164fc1efe5e528b6f5a"
  dependencies:
    "@types/react" "*"

"@types/react@*", "@types/react@^15.0.25":
  version "15.0.25"
  resolved "https://registry.yarnpkg.com/@types/react/-/react-15.0.25.tgz#d396949cccc9a90b61755def9781e5aced9b2261"

typescript@^2.3.3:
  version "2.3.3"
  resolved "https://registry.yarnpkg.com/typescript/-/typescript-2.3.3.tgz#9639f3c3b40148e8ca97fe08a51dd1891bb6be22"
